
Microsoft Visual Studio Solution File, Format Version 11.00
# Visual Studio 2010
Project("{FAE04EC0-301F-11D3-BF4B-00C04F79EFBC}") = "SimpleInput.Runtime", "SimpleInput.Runtime.csproj", "{821c05e2-85c3-baa9-c971-ac622abc8c89}"
EndProject
Project("{FAE04EC0-301F-11D3-BF4B-00C04F79EFBC}") = "SimpleInput.Editor", "SimpleInput.Editor.csproj", "{30c050d2-49e0-6979-fba4-44db547bbc9a}"
EndProject
Project("{FAE04EC0-301F-11D3-BF4B-00C04F79EFBC}") = "Assembly-CSharp", "Assembly-CSharp.csproj", "{ee1a0f15-1bcf-ec79-e170-423b6f3e6e13}"
EndProject
Project("{FAE04EC0-301F-11D3-BF4B-00C04F79EFBC}") = "Assembly-CSharp-firstpass", "Assembly-CSharp-firstpass.csproj", "{d1f7eb88-2bf2-3f85-8d55-3ae9a90c5fa2}"
EndProject
Global
	GlobalSection(SolutionConfigurationPlatforms) = preSolution
		Debug|Any CPU = Debug|Any CPU
	EndGlobalSection
	GlobalSection(ProjectConfigurationPlatforms) = postSolution
		{821c05e2-85c3-baa9-c971-ac622abc8c89}.Debug|Any CPU.ActiveCfg = Debug|Any CPU
		{821c05e2-85c3-baa9-c971-ac622abc8c89}.Debug|Any CPU.Build.0 = Debug|Any CPU
		{30c050d2-49e0-6979-fba4-44db547bbc9a}.Debug|Any CPU.ActiveCfg = Debug|Any CPU
		{30c050d2-49e0-6979-fba4-44db547bbc9a}.Debug|Any CPU.Build.0 = Debug|Any CPU
		{ee1a0f15-1bcf-ec79-e170-423b6f3e6e13}.Debug|Any CPU.ActiveCfg = Debug|Any CPU
		{ee1a0f15-1bcf-ec79-e170-423b6f3e6e13}.Debug|Any CPU.Build.0 = Debug|Any CPU
		{d1f7eb88-2bf2-3f85-8d55-3ae9a90c5fa2}.Debug|Any CPU.ActiveCfg = Debug|Any CPU
		{d1f7eb88-2bf2-3f85-8d55-3ae9a90c5fa2}.Debug|Any CPU.Build.0 = Debug|Any CPU
	EndGlobalSection
	GlobalSection(SolutionProperties) = preSolution
		HideSolutionNode = FALSE
	EndGlobalSection
EndGlobal
